
Microsoft Visual Studio Solution File, Format Version 12.00
# Visual Studio Version 17
VisualStudioVersion = 17.13.35931.197 d17.13
MinimumVisualStudioVersion = 10.0.40219.1
Project("{FAE04EC0-301F-11D3-BF4B-00C04F79EFBC}") = "Kursovoy", "Kursovoy\Kursovoy.csproj", "{9F4FA1C2-7953-447D-9296-F904039B4A5D}"
EndProject
Project("{FAE04EC0-301F-11D3-BF4B-00C04F79EFBC}") = "KursovoyServer", "KursovoyServer\KursovoyServer.csproj", "{F2732F52-40BC-4761-AB04-168BF75F2223}"
EndProject
Global
	GlobalSection(SolutionConfigurationPlatforms) = preSolution
		Debug|Any CPU = Debug|Any CPU
		Release|Any CPU = Release|Any CPU
	EndGlobalSection
	GlobalSection(ProjectConfigurationPlatforms) = postSolution
		{9F4FA1C2-7953-447D-9296-F904039B4A5D}.Debug|Any CPU.ActiveCfg = Debug|Any CPU
		{9F4FA1C2-7953-447D-9296-F904039B4A5D}.Debug|Any CPU.Build.0 = Debug|Any CPU
		{9F4FA1C2-7953-447D-9296-F904039B4A5D}.Release|Any CPU.ActiveCfg = Release|Any CPU
		{9F4FA1C2-7953-447D-9296-F904039B4A5D}.Release|Any CPU.Build.0 = Release|Any CPU
		{F2732F52-40BC-4761-AB04-168BF75F2223}.Debug|Any CPU.ActiveCfg = Debug|Any CPU
		{F2732F52-40BC-4761-AB04-168BF75F2223}.Debug|Any CPU.Build.0 = Debug|Any CPU
		{F2732F52-40BC-4761-AB04-168BF75F2223}.Release|Any CPU.ActiveCfg = Release|Any CPU
		{F2732F52-40BC-4761-AB04-168BF75F2223}.Release|Any CPU.Build.0 = Release|Any CPU
	EndGlobalSection
	GlobalSection(SolutionProperties) = preSolution
		HideSolutionNode = FALSE
	EndGlobalSection
	GlobalSection(ExtensibilityGlobals) = postSolution
		SolutionGuid = {80EE1552-1747-4364-AF6E-4C50ADCD282E}
	EndGlobalSection
EndGlobal
